
Microsoft Visual Studio Solution File, Format Version 12.00
# Visual Studio Version 16
VisualStudioVersion = 16.0.31105.61
MinimumVisualStudioVersion = 10.0.40219.1
Project("{FAE04EC0-301F-11D3-BF4B-00C04F79EFBC}") = "Projects", "Projects\Projects.csproj", "{D578A76B-2A84-400C-931B-54B3F18105C9}"
EndProject
Global
	GlobalSection(SolutionConfigurationPlatforms) = preSolution
		Debug|Any CPU = Debug|Any CPU
		Release|Any CPU = Release|Any CPU
	EndGlobalSection
	GlobalSection(ProjectConfigurationPlatforms) = postSolution
		{D578A76B-2A84-400C-931B-54B3F18105C9}.Debug|Any CPU.ActiveCfg = Debug|Any CPU
		{D578A76B-2A84-400C-931B-54B3F18105C9}.Debug|Any CPU.Build.0 = Debug|Any CPU
		{D578A76B-2A84-400C-931B-54B3F18105C9}.Release|Any CPU.ActiveCfg = Release|Any CPU
		{D578A76B-2A84-400C-931B-54B3F18105C9}.Release|Any CPU.Build.0 = Release|Any CPU
	EndGlobalSection
	GlobalSection(SolutionProperties) = preSolution
		HideSolutionNode = FALSE
	EndGlobalSection
	GlobalSection(ExtensibilityGlobals) = postSolution
		SolutionGuid = {34EE8818-D283-4391-96CD-24B717CF3450}
	EndGlobalSection
EndGlobal
